// !$*UTF8*$!
{
	archiveVersion = 1;
	classes = {
	};
	objectVersion = 46;
	objects = {

/* Begin PBXBuildFile section */
		10758499DB5C02A195D98A63 /* Pods_Pomodoro_Redbooth.framework in Frameworks */ = {isa = PBXBuildFile; fileRef = 4681BB4F74A082DFF1475197 /* Pods_Pomodoro_Redbooth.framework */; };
		471E6A141BEE191F0017329D /* PRApiOAuthManager.m in Sources */ = {isa = PBXBuildFile; fileRef = 471E6A131BEE191F0017329D /* PRApiOAuthManager.m */; };
		47BF53241BED512300CC2245 /* PRApiManager.m in Sources */ = {isa = PBXBuildFile; fileRef = 47BF53191BED512300CC2245 /* PRApiManager.m */; };
		47BF53251BED512300CC2245 /* PRObject.m in Sources */ = {isa = PBXBuildFile; fileRef = 47BF531C1BED512300CC2245 /* PRObject.m */; };
		47BF53261BED512300CC2245 /* PRToken.m in Sources */ = {isa = PBXBuildFile; fileRef = 47BF531E1BED512300CC2245 /* PRToken.m */; };
		47BF53271BED512300CC2245 /* PRTimerViewController.m in Sources */ = {isa = PBXBuildFile; fileRef = 47BF53211BED512300CC2245 /* PRTimerViewController.m */; };
		47BF53281BED512300CC2245 /* ViewController.m in Sources */ = {isa = PBXBuildFile; fileRef = 47BF53231BED512300CC2245 /* ViewController.m */; };
		47BF532B1BED515F00CC2245 /* PRKeychainManager.m in Sources */ = {isa = PBXBuildFile; fileRef = 47BF532A1BED515F00CC2245 /* PRKeychainManager.m */; };
		47BF532F1BED519000CC2245 /* KeychainItemWrapper.m in Sources */ = {isa = PBXBuildFile; fileRef = 47BF532E1BED519000CC2245 /* KeychainItemWrapper.m */; };
		47BF53321BED5E2F00CC2245 /* PRTask.m in Sources */ = {isa = PBXBuildFile; fileRef = 47BF53311BED5E2F00CC2245 /* PRTask.m */; };
		47D3A5471BEBF41A004844E6 /* main.m in Sources */ = {isa = PBXBuildFile; fileRef = 47D3A5461BEBF41A004844E6 /* main.m */; };
		47D3A54A1BEBF41A004844E6 /* AppDelegate.m in Sources */ = {isa = PBXBuildFile; fileRef = 47D3A5491BEBF41A004844E6 /* AppDelegate.m */; };
		47D3A5501BEBF41A004844E6 /* Main.storyboard in Resources */ = {isa = PBXBuildFile; fileRef = 47D3A54E1BEBF41A004844E6 /* Main.storyboard */; };
		47D3A5521BEBF41A004844E6 /* Assets.xcassets in Resources */ = {isa = PBXBuildFile; fileRef = 47D3A5511BEBF41A004844E6 /* Assets.xcassets */; };
		47D3A5551BEBF41A004844E6 /* LaunchScreen.storyboard in Resources */ = {isa = PBXBuildFile; fileRef = 47D3A5531BEBF41A004844E6 /* LaunchScreen.storyboard */; };
		47D3A5601BEBF41A004844E6 /* Pomodoro_RedboothTests.m in Sources */ = {isa = PBXBuildFile; fileRef = 47D3A55F1BEBF41A004844E6 /* Pomodoro_RedboothTests.m */; };
		47D3A5751BEC0AC4004844E6 /* Localizable.strings in Resources */ = {isa = PBXBuildFile; fileRef = 47D3A5741BEC0AC4004844E6 /* Localizable.strings */; };
/* End PBXBuildFile section */

/* Begin PBXContainerItemProxy section */
		47D3A55C1BEBF41A004844E6 /* PBXContainerItemProxy */ = {
			isa = PBXContainerItemProxy;
			containerPortal = 47D3A53A1BEBF41A004844E6 /* Project object */;
			proxyType = 1;
			remoteGlobalIDString = 47D3A5411BEBF41A004844E6;
			remoteInfo = "Pomodoro Redbooth";
		};
/* End PBXContainerItemProxy section */

/* Begin PBXFileReference section */
		4681BB4F74A082DFF1475197 /* Pods_Pomodoro_Redbooth.framework */ = {isa = PBXFileReference; explicitFileType = wrapper.framework; includeInIndex = 0; path = Pods_Pomodoro_Redbooth.framework; sourceTree = BUILT_PRODUCTS_DIR; };
		471E6A111BEE18AD0017329D /* PRApiOAuthDelegate.h */ = {isa = PBXFileReference; lastKnownFileType = sourcecode.c.h; path = PRApiOAuthDelegate.h; sourceTree = "<group>"; };
		471E6A121BEE191F0017329D /* PRApiOAuthManager.h */ = {isa = PBXFileReference; fileEncoding = 4; lastKnownFileType = sourcecode.c.h; path = PRApiOAuthManager.h; sourceTree = "<group>"; };
		471E6A131BEE191F0017329D /* PRApiOAuthManager.m */ = {isa = PBXFileReference; fileEncoding = 4; lastKnownFileType = sourcecode.c.objc; path = PRApiOAuthManager.m; sourceTree = "<group>"; };
		47BF53181BED512300CC2245 /* PRApiManager.h */ = {isa = PBXFileReference; fileEncoding = 4; lastKnownFileType = sourcecode.c.h; path = PRApiManager.h; sourceTree = "<group>"; };
		47BF53191BED512300CC2245 /* PRApiManager.m */ = {isa = PBXFileReference; fileEncoding = 4; lastKnownFileType = sourcecode.c.objc; path = PRApiManager.m; sourceTree = "<group>"; };
		47BF531B1BED512300CC2245 /* PRObject.h */ = {isa = PBXFileReference; fileEncoding = 4; lastKnownFileType = sourcecode.c.h; path = PRObject.h; sourceTree = "<group>"; };
		47BF531C1BED512300CC2245 /* PRObject.m */ = {isa = PBXFileReference; fileEncoding = 4; lastKnownFileType = sourcecode.c.objc; path = PRObject.m; sourceTree = "<group>"; };
		47BF531D1BED512300CC2245 /* PRToken.h */ = {isa = PBXFileReference; fileEncoding = 4; lastKnownFileType = sourcecode.c.h; path = PRToken.h; sourceTree = "<group>"; };
		47BF531E1BED512300CC2245 /* PRToken.m */ = {isa = PBXFileReference; fileEncoding = 4; lastKnownFileType = sourcecode.c.objc; path = PRToken.m; sourceTree = "<group>"; };
		47BF53201BED512300CC2245 /* PRTimerViewController.h */ = {isa = PBXFileReference; fileEncoding = 4; lastKnownFileType = sourcecode.c.h; path = PRTimerViewController.h; sourceTree = "<group>"; };
		47BF53211BED512300CC2245 /* PRTimerViewController.m */ = {isa = PBXFileReference; fileEncoding = 4; lastKnownFileType = sourcecode.c.objc; path = PRTimerViewController.m; sourceTree = "<group>"; };
		47BF53221BED512300CC2245 /* ViewController.h */ = {isa = PBXFileReference; fileEncoding = 4; lastKnownFileType = sourcecode.c.h; path = ViewController.h; sourceTree = "<group>"; };
		47BF53231BED512300CC2245 /* ViewController.m */ = {isa = PBXFileReference; fileEncoding = 4; lastKnownFileType = sourcecode.c.objc; path = ViewController.m; sourceTree = "<group>"; };
		47BF53291BED515F00CC2245 /* PRKeychainManager.h */ = {isa = PBXFileReference; fileEncoding = 4; lastKnownFileType = sourcecode.c.h; path = PRKeychainManager.h; sourceTree = "<group>"; };
		47BF532A1BED515F00CC2245 /* PRKeychainManager.m */ = {isa = PBXFileReference; fileEncoding = 4; lastKnownFileType = sourcecode.c.objc; path = PRKeychainManager.m; sourceTree = "<group>"; };
		47BF532D1BED519000CC2245 /* KeychainItemWrapper.h */ = {isa = PBXFileReference; fileEncoding = 4; lastKnownFileType = sourcecode.c.h; path = KeychainItemWrapper.h; sourceTree = "<group>"; };
		47BF532E1BED519000CC2245 /* KeychainItemWrapper.m */ = {isa = PBXFileReference; fileEncoding = 4; lastKnownFileType = sourcecode.c.objc; path = KeychainItemWrapper.m; sourceTree = "<group>"; };
		47BF53301BED5E2F00CC2245 /* PRTask.h */ = {isa = PBXFileReference; fileEncoding = 4; lastKnownFileType = sourcecode.c.h; path = PRTask.h; sourceTree = "<group>"; };
		47BF53311BED5E2F00CC2245 /* PRTask.m */ = {isa = PBXFileReference; fileEncoding = 4; lastKnownFileType = sourcecode.c.objc; path = PRTask.m; sourceTree = "<group>"; };
		47D3A5421BEBF41A004844E6 /* Pomodoro Redbooth.app */ = {isa = PBXFileReference; explicitFileType = wrapper.application; includeInIndex = 0; path = "Pomodoro Redbooth.app"; sourceTree = BUILT_PRODUCTS_DIR; };
		47D3A5461BEBF41A004844E6 /* main.m */ = {isa = PBXFileReference; lastKnownFileType = sourcecode.c.objc; path = main.m; sourceTree = "<group>"; };
		47D3A5481BEBF41A004844E6 /* AppDelegate.h */ = {isa = PBXFileReference; lastKnownFileType = sourcecode.c.h; path = AppDelegate.h; sourceTree = "<group>"; };
		47D3A5491BEBF41A004844E6 /* AppDelegate.m */ = {isa = PBXFileReference; lastKnownFileType = sourcecode.c.objc; path = AppDelegate.m; sourceTree = "<group>"; };
		47D3A54F1BEBF41A004844E6 /* Base */ = {isa = PBXFileReference; lastKnownFileType = file.storyboard; name = Base; path = Base.lproj/Main.storyboard; sourceTree = "<group>"; };
		47D3A5511BEBF41A004844E6 /* Assets.xcassets */ = {isa = PBXFileReference; lastKnownFileType = folder.assetcatalog; path = Assets.xcassets; sourceTree = "<group>"; };
		47D3A5541BEBF41A004844E6 /* Base */ = {isa = PBXFileReference; lastKnownFileType = file.storyboard; name = Base; path = Base.lproj/LaunchScreen.storyboard; sourceTree = "<group>"; };
		47D3A5561BEBF41A004844E6 /* Info.plist */ = {isa = PBXFileReference; lastKnownFileType = text.plist.xml; path = Info.plist; sourceTree = "<group>"; };
		47D3A55B1BEBF41A004844E6 /* Pomodoro RedboothTests.xctest */ = {isa = PBXFileReference; explicitFileType = wrapper.cfbundle; includeInIndex = 0; path = "Pomodoro RedboothTests.xctest"; sourceTree = BUILT_PRODUCTS_DIR; };
		47D3A55F1BEBF41A004844E6 /* Pomodoro_RedboothTests.m */ = {isa = PBXFileReference; lastKnownFileType = sourcecode.c.objc; path = Pomodoro_RedboothTests.m; sourceTree = "<group>"; };
		47D3A5611BEBF41A004844E6 /* Info.plist */ = {isa = PBXFileReference; lastKnownFileType = text.plist.xml; path = Info.plist; sourceTree = "<group>"; };
		47D3A56D1BEC0571004844E6 /* PRConstants.h */ = {isa = PBXFileReference; lastKnownFileType = sourcecode.c.h; path = PRConstants.h; sourceTree = "<group>"; };
		47D3A5741BEC0AC4004844E6 /* Localizable.strings */ = {isa = PBXFileReference; fileEncoding = 4; lastKnownFileType = text.plist.strings; path = Localizable.strings; sourceTree = "<group>"; };
		E370FC5743DA2E94D08DAECB /* Pods-Pomodoro Redbooth.debug.xcconfig */ = {isa = PBXFileReference; includeInIndex = 1; lastKnownFileType = text.xcconfig; name = "Pods-Pomodoro Redbooth.debug.xcconfig"; path = "Pods/Target Support Files/Pods-Pomodoro Redbooth/Pods-Pomodoro Redbooth.debug.xcconfig"; sourceTree = "<group>"; };
		E5258ED3B7FA605AD7A15953 /* Pods-Pomodoro Redbooth.release.xcconfig */ = {isa = PBXFileReference; includeInIndex = 1; lastKnownFileType = text.xcconfig; name = "Pods-Pomodoro Redbooth.release.xcconfig"; path = "Pods/Target Support Files/Pods-Pomodoro Redbooth/Pods-Pomodoro Redbooth.release.xcconfig"; sourceTree = "<group>"; };
/* End PBXFileReference section */

/* Begin PBXFrameworksBuildPhase section */
		47D3A53F1BEBF41A004844E6 /* Frameworks */ = {
			isa = PBXFrameworksBuildPhase;
			buildActionMask = 2147483647;
			files = (
				10758499DB5C02A195D98A63 /* Pods_Pomodoro_Redbooth.framework in Frameworks */,
			);
			runOnlyForDeploymentPostprocessing = 0;
		};
		47D3A5581BEBF41A004844E6 /* Frameworks */ = {
			isa = PBXFrameworksBuildPhase;
			buildActionMask = 2147483647;
			files = (
			);
			runOnlyForDeploymentPostprocessing = 0;
		};
/* End PBXFrameworksBuildPhase section */

/* Begin PBXGroup section */
		2E0BD8BFA9204F9ACE295644 /* Pods */ = {
			isa = PBXGroup;
			children = (
				E370FC5743DA2E94D08DAECB /* Pods-Pomodoro Redbooth.debug.xcconfig */,
				E5258ED3B7FA605AD7A15953 /* Pods-Pomodoro Redbooth.release.xcconfig */,
			);
			name = Pods;
			sourceTree = "<group>";
		};
		47BF53171BED512300CC2245 /* Manager */ = {
			isa = PBXGroup;
			children = (
				471E6A111BEE18AD0017329D /* PRApiOAuthDelegate.h */,
				47BF53181BED512300CC2245 /* PRApiManager.h */,
				47BF53191BED512300CC2245 /* PRApiManager.m */,
				47BF53291BED515F00CC2245 /* PRKeychainManager.h */,
				47BF532A1BED515F00CC2245 /* PRKeychainManager.m */,
				471E6A121BEE191F0017329D /* PRApiOAuthManager.h */,
				471E6A131BEE191F0017329D /* PRApiOAuthManager.m */,
			);
			path = Manager;
			sourceTree = "<group>";
		};
		47BF531A1BED512300CC2245 /* Model */ = {
			isa = PBXGroup;
			children = (
				47BF531B1BED512300CC2245 /* PRObject.h */,
				47BF531C1BED512300CC2245 /* PRObject.m */,
				47BF53301BED5E2F00CC2245 /* PRTask.h */,
				47BF53311BED5E2F00CC2245 /* PRTask.m */,
				47BF531D1BED512300CC2245 /* PRToken.h */,
				47BF531E1BED512300CC2245 /* PRToken.m */,
			);
			path = Model;
			sourceTree = "<group>";
		};
		47BF531F1BED512300CC2245 /* ViewController */ = {
			isa = PBXGroup;
			children = (
				47BF53201BED512300CC2245 /* PRTimerViewController.h */,
				47BF53211BED512300CC2245 /* PRTimerViewController.m */,
				47BF53221BED512300CC2245 /* ViewController.h */,
				47BF53231BED512300CC2245 /* ViewController.m */,
			);
			path = ViewController;
			sourceTree = "<group>";
		};
		47BF532C1BED519000CC2245 /* Util */ = {
			isa = PBXGroup;
			children = (
				47BF532D1BED519000CC2245 /* KeychainItemWrapper.h */,
				47BF532E1BED519000CC2245 /* KeychainItemWrapper.m */,
			);
			path = Util;
			sourceTree = "<group>";
		};
		47D3A5391BEBF41A004844E6 = {
			isa = PBXGroup;
			children = (
				47D3A5441BEBF41A004844E6 /* Pomodoro Redbooth */,
				47D3A55E1BEBF41A004844E6 /* Pomodoro RedboothTests */,
				47D3A5431BEBF41A004844E6 /* Products */,
				2E0BD8BFA9204F9ACE295644 /* Pods */,
				EBD1AC4F7785F600630D1E79 /* Frameworks */,
			);
			sourceTree = "<group>";
		};
		47D3A5431BEBF41A004844E6 /* Products */ = {
			isa = PBXGroup;
			children = (
				47D3A5421BEBF41A004844E6 /* Pomodoro Redbooth.app */,
				47D3A55B1BEBF41A004844E6 /* Pomodoro RedboothTests.xctest */,
			);
			name = Products;
			sourceTree = "<group>";
		};
		47D3A5441BEBF41A004844E6 /* Pomodoro Redbooth */ = {
			isa = PBXGroup;
			children = (
				47D3A5481BEBF41A004844E6 /* AppDelegate.h */,
				47D3A5491BEBF41A004844E6 /* AppDelegate.m */,
				47D3A56D1BEC0571004844E6 /* PRConstants.h */,
				47BF53171BED512300CC2245 /* Manager */,
				47BF531A1BED512300CC2245 /* Model */,
				47BF532C1BED519000CC2245 /* Util */,
				47BF531F1BED512300CC2245 /* ViewController */,
				47D3A54E1BEBF41A004844E6 /* Main.storyboard */,
				47D3A5511BEBF41A004844E6 /* Assets.xcassets */,
				47D3A5531BEBF41A004844E6 /* LaunchScreen.storyboard */,
				47D3A5561BEBF41A004844E6 /* Info.plist */,
				47D3A5451BEBF41A004844E6 /* Supporting Files */,
				47D3A5711BEC0A99004844E6 /* Resources */,
			);
			path = "Pomodoro Redbooth";
			sourceTree = "<group>";
		};
		47D3A5451BEBF41A004844E6 /* Supporting Files */ = {
			isa = PBXGroup;
			children = (
				47D3A5461BEBF41A004844E6 /* main.m */,
			);
			name = "Supporting Files";
			sourceTree = "<group>";
		};
		47D3A55E1BEBF41A004844E6 /* Pomodoro RedboothTests */ = {
			isa = PBXGroup;
			children = (
				47D3A55F1BEBF41A004844E6 /* Pomodoro_RedboothTests.m */,
				47D3A5611BEBF41A004844E6 /* Info.plist */,
			);
			path = "Pomodoro RedboothTests";
			sourceTree = "<group>";
		};
		47D3A5711BEC0A99004844E6 /* Resources */ = {
			isa = PBXGroup;
			children = (
				47D3A5741BEC0AC4004844E6 /* Localizable.strings */,
			);
			path = Resources;
			sourceTree = "<group>";
		};
		EBD1AC4F7785F600630D1E79 /* Frameworks */ = {
			isa = PBXGroup;
			children = (
				4681BB4F74A082DFF1475197 /* Pods_Pomodoro_Redbooth.framework */,
			);
			name = Frameworks;
			sourceTree = "<group>";
		};
/* End PBXGroup section */

/* Begin PBXNativeTarget section */
		47D3A5411BEBF41A004844E6 /* Pomodoro Redbooth */ = {
			isa = PBXNativeTarget;
			buildConfigurationList = 47D3A5641BEBF41A004844E6 /* Build configuration list for PBXNativeTarget "Pomodoro Redbooth" */;
			buildPhases = (
				2E238B5BC684105CA7E67DDD /* Check Pods Manifest.lock */,
				47D3A53E1BEBF41A004844E6 /* Sources */,
				47D3A53F1BEBF41A004844E6 /* Frameworks */,
				47D3A5401BEBF41A004844E6 /* Resources */,
				7A275762CDD0A94FD36B2ECE /* Embed Pods Frameworks */,
				AEDD0DB6826B79038E32A332 /* Copy Pods Resources */,
			);
			buildRules = (
			);
			dependencies = (
			);
			name = "Pomodoro Redbooth";
			productName = "Pomodoro Redbooth";
			productReference = 47D3A5421BEBF41A004844E6 /* Pomodoro Redbooth.app */;
			productType = "com.apple.product-type.application";
		};
		47D3A55A1BEBF41A004844E6 /* Pomodoro RedboothTests */ = {
			isa = PBXNativeTarget;
			buildConfigurationList = 47D3A5671BEBF41A004844E6 /* Build configuration list for PBXNativeTarget "Pomodoro RedboothTests" */;
			buildPhases = (
				47D3A5571BEBF41A004844E6 /* Sources */,
				47D3A5581BEBF41A004844E6 /* Frameworks */,
				47D3A5591BEBF41A004844E6 /* Resources */,
			);
			buildRules = (
			);
			dependencies = (
				47D3A55D1BEBF41A004844E6 /* PBXTargetDependency */,
			);
			name = "Pomodoro RedboothTests";
			productName = "Pomodoro RedboothTests";
			productReference = 47D3A55B1BEBF41A004844E6 /* Pomodoro RedboothTests.xctest */;
			productType = "com.apple.product-type.bundle.unit-test";
		};
/* End PBXNativeTarget section */

/* Begin PBXProject section */
		47D3A53A1BEBF41A004844E6 /* Project object */ = {
			isa = PBXProject;
			attributes = {
				LastUpgradeCheck = 0710;
				ORGANIZATIONNAME = "Xavi Gil";
				TargetAttributes = {
					47D3A5411BEBF41A004844E6 = {
						CreatedOnToolsVersion = 7.1;
					};
					47D3A55A1BEBF41A004844E6 = {
						CreatedOnToolsVersion = 7.1;
						TestTargetID = 47D3A5411BEBF41A004844E6;
					};
				};
			};
			buildConfigurationList = 47D3A53D1BEBF41A004844E6 /* Build configuration list for PBXProject "Pomodoro Redbooth" */;
			compatibilityVersion = "Xcode 3.2";
			developmentRegion = English;
			hasScannedForEncodings = 0;
			knownRegions = (
				en,
				Base,
			);
			mainGroup = 47D3A5391BEBF41A004844E6;
			productRefGroup = 47D3A5431BEBF41A004844E6 /* Products */;
			projectDirPath = "";
			projectRoot = "";
			targets = (
				47D3A5411BEBF41A004844E6 /* Pomodoro Redbooth */,
				47D3A55A1BEBF41A004844E6 /* Pomodoro RedboothTests */,
			);
		};
/* End PBXProject section */

/* Begin PBXResourcesBuildPhase section */
		47D3A5401BEBF41A004844E6 /* Resources */ = {
			isa = PBXResourcesBuildPhase;
			buildActionMask = 2147483647;
			files = (
				47D3A5551BEBF41A004844E6 /* LaunchScreen.storyboard in Resources */,
				47D3A5751BEC0AC4004844E6 /* Localizable.strings in Resources */,
				47D3A5521BEBF41A004844E6 /* Assets.xcassets in Resources */,
				47D3A5501BEBF41A004844E6 /* Main.storyboard in Resources */,
			);
			runOnlyForDeploymentPostprocessing = 0;
		};
		47D3A5591BEBF41A004844E6 /* Resources */ = {
			isa = PBXResourcesBuildPhase;
			buildActionMask = 2147483647;
			files = (
			);
			runOnlyForDeploymentPostprocessing = 0;
		};
/* End PBXResourcesBuildPhase section */

/* Begin PBXShellScriptBuildPhase section */
		2E238B5BC684105CA7E67DDD /* Check Pods Manifest.lock */ = {
			isa = PBXShellScriptBuildPhase;
			buildActionMask = 2147483647;
			files = (
			);
			inputPaths = (
			);
			name = "Check Pods Manifest.lock";
			outputPaths = (
			);
			runOnlyForDeploymentPostprocessing = 0;
			shellPath = /bin/sh;
			shellScript = "diff \"${PODS_ROOT}/../Podfile.lock\" \"${PODS_ROOT}/Manifest.lock\" > /dev/null\nif [[ $? != 0 ]] ; then\n    cat << EOM\nerror: The sandbox is not in sync with the Podfile.lock. Run 'pod install' or update your CocoaPods installation.\nEOM\n    exit 1\nfi\n";
			showEnvVarsInLog = 0;
		};
		7A275762CDD0A94FD36B2ECE /* Embed Pods Frameworks */ = {
			isa = PBXShellScriptBuildPhase;
			buildActionMask = 2147483647;
			files = (
			);
			inputPaths = (
			);
			name = "Embed Pods Frameworks";
			outputPaths = (
			);
			runOnlyForDeploymentPostprocessing = 0;
			shellPath = /bin/sh;
			shellScript = "\"${SRCROOT}/Pods/Target Support Files/Pods-Pomodoro Redbooth/Pods-Pomodoro Redbooth-frameworks.sh\"\n";
			showEnvVarsInLog = 0;
		};
		AEDD0DB6826B79038E32A332 /* Copy Pods Resources */ = {
			isa = PBXShellScriptBuildPhase;
			buildActionMask = 2147483647;
			files = (
			);
			inputPaths = (
			);
			name = "Copy Pods Resources";
			outputPaths = (
			);
			runOnlyForDeploymentPostprocessing = 0;
			shellPath = /bin/sh;
			shellScript = "\"${SRCROOT}/Pods/Target Support Files/Pods-Pomodoro Redbooth/Pods-Pomodoro Redbooth-resources.sh\"\n";
			showEnvVarsInLog = 0;
		};
/* End PBXShellScriptBuildPhase section */

/* Begin PBXSourcesBuildPhase section */
		47D3A53E1BEBF41A004844E6 /* Sources */ = {
			isa = PBXSourcesBuildPhase;
			buildActionMask = 2147483647;
			files = (
				47BF53281BED512300CC2245 /* ViewController.m in Sources */,
				47D3A54A1BEBF41A004844E6 /* AppDelegate.m in Sources */,
				47BF53321BED5E2F00CC2245 /* PRTask.m in Sources */,
				471E6A141BEE191F0017329D /* PRApiOAuthManager.m in Sources */,
				47BF53241BED512300CC2245 /* PRApiManager.m in Sources */,
				47BF53251BED512300CC2245 /* PRObject.m in Sources */,
				47BF53261BED512300CC2245 /* PRToken.m in Sources */,
				47BF53271BED512300CC2245 /* PRTimerViewController.m in Sources */,
				47D3A5471BEBF41A004844E6 /* main.m in Sources */,
				47BF532B1BED515F00CC2245 /* PRKeychainManager.m in Sources */,
				47BF532F1BED519000CC2245 /* KeychainItemWrapper.m in Sources */,
			);
			runOnlyForDeploymentPostprocessing = 0;
		};
		47D3A5571BEBF41A004844E6 /* Sources */ = {
			isa = PBXSourcesBuildPhase;
			buildActionMask = 2147483647;
			files = (
				47D3A5601BEBF41A004844E6 /* Pomodoro_RedboothTests.m in Sources */,
			);
			runOnlyForDeploymentPostprocessing = 0;
		};
/* End PBXSourcesBuildPhase section */

/* Begin PBXTargetDependency section */
		47D3A55D1BEBF41A004844E6 /* PBXTargetDependency */ = {
			isa = PBXTargetDependency;
			target = 47D3A5411BEBF41A004844E6 /* Pomodoro Redbooth */;
			targetProxy = 47D3A55C1BEBF41A004844E6 /* PBXContainerItemProxy */;
		};
/* End PBXTargetDependency section */

/* Begin PBXVariantGroup section */
		47D3A54E1BEBF41A004844E6 /* Main.storyboard */ = {
			isa = PBXVariantGroup;
			children = (
				47D3A54F1BEBF41A004844E6 /* Base */,
			);
			name = Main.storyboard;
			sourceTree = "<group>";
		};
		47D3A5531BEBF41A004844E6 /* LaunchScreen.storyboard */ = {
			isa = PBXVariantGroup;
			children = (
				47D3A5541BEBF41A004844E6 /* Base */,
			);
			name = LaunchScreen.storyboard;
			sourceTree = "<group>";
		};
/* End PBXVariantGroup section */

/* Begin XCBuildConfiguration section */
		47D3A5621BEBF41A004844E6 /* Debug */ = {
			isa = XCBuildConfiguration;
			buildSettings = {
				ALWAYS_SEARCH_USER_PATHS = NO;
				CLANG_CXX_LANGUAGE_STANDARD = "gnu++0x";
				CLANG_CXX_LIBRARY = "libc++";
				CLANG_ENABLE_MODULES = YES;
				CLANG_ENABLE_OBJC_ARC = YES;
				CLANG_WARN_BOOL_CONVERSION = YES;
				CLANG_WARN_CONSTANT_CONVERSION = YES;
				CLANG_WARN_DIRECT_OBJC_ISA_USAGE = YES_ERROR;
				CLANG_WARN_EMPTY_BODY = YES;
				CLANG_WARN_ENUM_CONVERSION = YES;
				CLANG_WARN_INT_CONVERSION = YES;
				CLANG_WARN_OBJC_ROOT_CLASS = YES_ERROR;
				CLANG_WARN_UNREACHABLE_CODE = YES;
				CLANG_WARN__DUPLICATE_METHOD_MATCH = YES;
				"CODE_SIGN_IDENTITY[sdk=iphoneos*]" = "iPhone Developer";
				COPY_PHASE_STRIP = NO;
				DEBUG_INFORMATION_FORMAT = dwarf;
				ENABLE_STRICT_OBJC_MSGSEND = YES;
				ENABLE_TESTABILITY = YES;
				GCC_C_LANGUAGE_STANDARD = gnu99;
				GCC_DYNAMIC_NO_PIC = NO;
				GCC_NO_COMMON_BLOCKS = YES;
				GCC_OPTIMIZATION_LEVEL = 0;
				GCC_PREPROCESSOR_DEFINITIONS = (
					"DEBUG=1",
					"$(inherited)",
				);
				GCC_WARN_64_TO_32_BIT_CONVERSION = YES;
				GCC_WARN_ABOUT_RETURN_TYPE = YES_ERROR;
				GCC_WARN_UNDECLARED_SELECTOR = YES;
				GCC_WARN_UNINITIALIZED_AUTOS = YES_AGGRESSIVE;
				GCC_WARN_UNUSED_FUNCTION = YES;
				GCC_WARN_UNUSED_VARIABLE = YES;
				IPHONEOS_DEPLOYMENT_TARGET = 9.1;
				MTL_ENABLE_DEBUG_INFO = YES;
				ONLY_ACTIVE_ARCH = YES;
				SDKROOT = iphoneos;
			};
			name = Debug;
		};
		47D3A5631BEBF41A004844E6 /* Release */ = {
			isa = XCBuildConfiguration;
			buildSettings = {
				ALWAYS_SEARCH_USER_PATHS = NO;
				CLANG_CXX_LANGUAGE_STANDARD = "gnu++0x";
				CLANG_CXX_LIBRARY = "libc++";
				CLANG_ENABLE_MODULES = YES;
				CLANG_ENABLE_OBJC_ARC = YES;
				CLANG_WARN_BOOL_CONVERSION = YES;
				CLANG_WARN_CONSTANT_CONVERSION = YES;
				CLANG_WARN_DIRECT_OBJC_ISA_USAGE = YES_ERROR;
				CLANG_WARN_EMPTY_BODY = YES;
				CLANG_WARN_ENUM_CONVERSION = YES;
				CLANG_WARN_INT_CONVERSION = YES;
				CLANG_WARN_OBJC_ROOT_CLASS = YES_ERROR;
				CLANG_WARN_UNREACHABLE_CODE = YES;
				CLANG_WARN__DUPLICATE_METHOD_MATCH = YES;
				"CODE_SIGN_IDENTITY[sdk=iphoneos*]" = "iPhone Developer";
				COPY_PHASE_STRIP = NO;
				DEBUG_INFORMATION_FORMAT = "dwarf-with-dsym";
				ENABLE_NS_ASSERTIONS = NO;
				ENABLE_STRICT_OBJC_MSGSEND = YES;
				GCC_C_LANGUAGE_STANDARD = gnu99;
				GCC_NO_COMMON_BLOCKS = YES;
				GCC_WARN_64_TO_32_BIT_CONVERSION = YES;
				GCC_WARN_ABOUT_RETURN_TYPE = YES_ERROR;
				GCC_WARN_UNDECLARED_SELECTOR = YES;
				GCC_WARN_UNINITIALIZED_AUTOS = YES_AGGRESSIVE;
				GCC_WARN_UNUSED_FUNCTION = YES;
				GCC_WARN_UNUSED_VARIABLE = YES;
				IPHONEOS_DEPLOYMENT_TARGET = 9.1;
				MTL_ENABLE_DEBUG_INFO = NO;
				SDKROOT = iphoneos;
				VALIDATE_PRODUCT = YES;
			};
			name = Release;
		};
		47D3A5651BEBF41A004844E6 /* Debug */ = {
			isa = XCBuildConfiguration;
			baseConfigurationReference = E370FC5743DA2E94D08DAECB /* Pods-Pomodoro Redbooth.debug.xcconfig */;
			buildSettings = {
				ASSETCATALOG_COMPILER_APPICON_NAME = AppIcon;
				INFOPLIST_FILE = "Pomodoro Redbooth/Info.plist";
				LD_RUNPATH_SEARCH_PATHS = "$(inherited) @executable_path/Frameworks";
				PRODUCT_BUNDLE_IDENTIFIER = "com.xavigil.Pomodoro-Redbooth";
				PRODUCT_NAME = "$(TARGET_NAME)";
			};
			name = Debug;
		};
		47D3A5661BEBF41A004844E6 /* Release */ = {
			isa = XCBuildConfiguration;
			baseConfigurationReference = E5258ED3B7FA605AD7A15953 /* Pods-Pomodoro Redbooth.release.xcconfig */;
			buildSettings = {
				ASSETCATALOG_COMPILER_APPICON_NAME = AppIcon;
				INFOPLIST_FILE = "Pomodoro Redbooth/Info.plist";
				LD_RUNPATH_SEARCH_PATHS = "$(inherited) @executable_path/Frameworks";
				PRODUCT_BUNDLE_IDENTIFIER = "com.xavigil.Pomodoro-Redbooth";
				PRODUCT_NAME = "$(TARGET_NAME)";
			};
			name = Release;
		};
		47D3A5681BEBF41A004844E6 /* Debug */ = {
			isa = XCBuildConfiguration;
			buildSettings = {
				BUNDLE_LOADER = "$(TEST_HOST)";
				INFOPLIST_FILE = "Pomodoro RedboothTests/Info.plist";
				LD_RUNPATH_SEARCH_PATHS = "$(inherited) @executable_path/Frameworks @loader_path/Frameworks";
				PRODUCT_BUNDLE_IDENTIFIER = "com.xavigil.Pomodoro-RedboothTests";
				PRODUCT_NAME = "$(TARGET_NAME)";
				TEST_HOST = "$(BUILT_PRODUCTS_DIR)/Pomodoro Redbooth.app/Pomodoro Redbooth";
			};
			name = Debug;
		};
		47D3A5691BEBF41A004844E6 /* Release */ = {
			isa = XCBuildConfiguration;
			buildSettings = {
				BUNDLE_LOADER = "$(TEST_HOST)";
				INFOPLIST_FILE = "Pomodoro RedboothTests/Info.plist";
				LD_RUNPATH_SEARCH_PATHS = "$(inherited) @executable_path/Frameworks @loader_path/Frameworks";
				PRODUCT_BUNDLE_IDENTIFIER = "com.xavigil.Pomodoro-RedboothTests";
				PRODUCT_NAME = "$(TARGET_NAME)";
				TEST_HOST = "$(BUILT_PRODUCTS_DIR)/Pomodoro Redbooth.app/Pomodoro Redbooth";
			};
			name = Release;
		};
/* End XCBuildConfiguration section */

/* Begin XCConfigurationList section */
		47D3A53D1BEBF41A004844E6 /* Build configuration list for PBXProject "Pomodoro Redbooth" */ = {
			isa = XCConfigurationList;
			buildConfigurations = (
				47D3A5621BEBF41A004844E6 /* Debug */,
				47D3A5631BEBF41A004844E6 /* Release */,
			);
			defaultConfigurationIsVisible = 0;
			defaultConfigurationName = Release;
		};
		47D3A5641BEBF41A004844E6 /* Build configuration list for PBXNativeTarget "Pomodoro Redbooth" */ = {
			isa = XCConfigurationList;
			buildConfigurations = (
				47D3A5651BEBF41A004844E6 /* Debug */,
				47D3A5661BEBF41A004844E6 /* Release */,
			);
			defaultConfigurationIsVisible = 0;
			defaultConfigurationName = Release;
		};
		47D3A5671BEBF41A004844E6 /* Build configuration list for PBXNativeTarget "Pomodoro RedboothTests" */ = {
			isa = XCConfigurationList;
			buildConfigurations = (
				47D3A5681BEBF41A004844E6 /* Debug */,
				47D3A5691BEBF41A004844E6 /* Release */,
			);
			defaultConfigurationIsVisible = 0;
			defaultConfigurationName = Release;
		};
/* End XCConfigurationList section */
	};
	rootObject = 47D3A53A1BEBF41A004844E6 /* Project object */;
}
